
Microsoft Visual Studio Solution File, Format Version 12.00
# Visual Studio Version 16
VisualStudioVersion = 16.0.30523.141
MinimumVisualStudioVersion = 10.0.40219.1
Project("{8BC9CEB8-8B4A-11D0-8D11-00A0C91BC942}") = "function graph", "function graph.vcxproj", "{B9E288DC-F355-40E2-8355-20FF60DCE425}"
EndProject
Global
	GlobalSection(SolutionConfigurationPlatforms) = preSolution
		Debug|x64 = Debug|x64
		Debug|x86 = Debug|x86
		Release|x64 = Release|x64
		Release|x86 = Release|x86
	EndGlobalSection
	GlobalSection(ProjectConfigurationPlatforms) = postSolution
		{B9E288DC-F355-40E2-8355-20FF60DCE425}.Debug|x64.ActiveCfg = Debug|x64
		{B9E288DC-F355-40E2-8355-20FF60DCE425}.Debug|x64.Build.0 = Debug|x64
		{B9E288DC-F355-40E2-8355-20FF60DCE425}.Debug|x86.ActiveCfg = Debug|Win32
		{B9E288DC-F355-40E2-8355-20FF60DCE425}.Debug|x86.Build.0 = Debug|Win32
		{B9E288DC-F355-40E2-8355-20FF60DCE425}.Release|x64.ActiveCfg = Release|x64
		{B9E288DC-F355-40E2-8355-20FF60DCE425}.Release|x64.Build.0 = Release|x64
		{B9E288DC-F355-40E2-8355-20FF60DCE425}.Release|x86.ActiveCfg = Release|Win32
		{B9E288DC-F355-40E2-8355-20FF60DCE425}.Release|x86.Build.0 = Release|Win32
	EndGlobalSection
	GlobalSection(SolutionProperties) = preSolution
		HideSolutionNode = FALSE
	EndGlobalSection
	GlobalSection(ExtensibilityGlobals) = postSolution
		SolutionGuid = {767A9812-00A0-4286-991B-1B05345380F3}
	EndGlobalSection
EndGlobal
